
Microsoft Visual Studio Solution File, Format Version 12.00
# Visual Studio Version 16
VisualStudioVersion = 16.0.30621.155
MinimumVisualStudioVersion = 10.0.40219.1
Project("{F184B08F-C81C-45F6-A57F-5ABD9991F28F}") = "201807347_CURSOSLIB", "201807347_CURSOSLIB.vbproj", "{1DBA3935-2D5A-496E-8059-618BE81A2215}"
EndProject
Global
	GlobalSection(SolutionConfigurationPlatforms) = preSolution
		Debug|Any CPU = Debug|Any CPU
		Release|Any CPU = Release|Any CPU
	EndGlobalSection
	GlobalSection(ProjectConfigurationPlatforms) = postSolution
		{1DBA3935-2D5A-496E-8059-618BE81A2215}.Debug|Any CPU.ActiveCfg = Debug|Any CPU
		{1DBA3935-2D5A-496E-8059-618BE81A2215}.Debug|Any CPU.Build.0 = Debug|Any CPU
		{1DBA3935-2D5A-496E-8059-618BE81A2215}.Release|Any CPU.ActiveCfg = Release|Any CPU
		{1DBA3935-2D5A-496E-8059-618BE81A2215}.Release|Any CPU.Build.0 = Release|Any CPU
	EndGlobalSection
	GlobalSection(SolutionProperties) = preSolution
		HideSolutionNode = FALSE
	EndGlobalSection
	GlobalSection(ExtensibilityGlobals) = postSolution
		SolutionGuid = {E028F9CF-3201-4244-BFEE-F174A4224504}
	EndGlobalSection
EndGlobal
